
Microsoft Visual Studio Solution File, Format Version 12.00
# Visual Studio Version 17
VisualStudioVersion = 17.3.32811.315
MinimumVisualStudioVersion = 10.0.40219.1
Project("{8BC9CEB8-8B4A-11D0-8D11-00A0C91BC942}") = "WinAPI", "WinAPI\WinAPI.vcxproj", "{BEEAD7A5-8C72-44A4-97CA-139662C1F001}"
EndProject
Global
	GlobalSection(SolutionConfigurationPlatforms) = preSolution
		Debug WINAPI|x64 = Debug WINAPI|x64
		Debug WINAPI|x86 = Debug WINAPI|x86
		Debug|x64 = Debug|x64
		Debug|x86 = Debug|x86
		Release WINAPI|x64 = Release WINAPI|x64
		Release WINAPI|x86 = Release WINAPI|x86
		Release|x64 = Release|x64
		Release|x86 = Release|x86
	EndGlobalSection
	GlobalSection(ProjectConfigurationPlatforms) = postSolution
		{BEEAD7A5-8C72-44A4-97CA-139662C1F001}.Debug WINAPI|x64.ActiveCfg = Debug WINAPI|x64
		{BEEAD7A5-8C72-44A4-97CA-139662C1F001}.Debug WINAPI|x64.Build.0 = Debug WINAPI|x64
		{BEEAD7A5-8C72-44A4-97CA-139662C1F001}.Debug WINAPI|x86.ActiveCfg = Debug WINAPI|Win32
		{BEEAD7A5-8C72-44A4-97CA-139662C1F001}.Debug WINAPI|x86.Build.0 = Debug WINAPI|Win32
		{BEEAD7A5-8C72-44A4-97CA-139662C1F001}.Debug|x64.ActiveCfg = Debug|x64
		{BEEAD7A5-8C72-44A4-97CA-139662C1F001}.Debug|x64.Build.0 = Debug|x64
		{BEEAD7A5-8C72-44A4-97CA-139662C1F001}.Debug|x86.ActiveCfg = Debug|Win32
		{BEEAD7A5-8C72-44A4-97CA-139662C1F001}.Debug|x86.Build.0 = Debug|Win32
		{BEEAD7A5-8C72-44A4-97CA-139662C1F001}.Release WINAPI|x64.ActiveCfg = Release WINAPI|x64
		{BEEAD7A5-8C72-44A4-97CA-139662C1F001}.Release WINAPI|x64.Build.0 = Release WINAPI|x64
		{BEEAD7A5-8C72-44A4-97CA-139662C1F001}.Release WINAPI|x86.ActiveCfg = Release WINAPI|Win32
		{BEEAD7A5-8C72-44A4-97CA-139662C1F001}.Release WINAPI|x86.Build.0 = Release WINAPI|Win32
		{BEEAD7A5-8C72-44A4-97CA-139662C1F001}.Release|x64.ActiveCfg = Release|x64
		{BEEAD7A5-8C72-44A4-97CA-139662C1F001}.Release|x64.Build.0 = Release|x64
		{BEEAD7A5-8C72-44A4-97CA-139662C1F001}.Release|x86.ActiveCfg = Release|Win32
		{BEEAD7A5-8C72-44A4-97CA-139662C1F001}.Release|x86.Build.0 = Release|Win32
	EndGlobalSection
	GlobalSection(SolutionProperties) = preSolution
		HideSolutionNode = FALSE
	EndGlobalSection
	GlobalSection(ExtensibilityGlobals) = postSolution
		SolutionGuid = {575EDDDC-D9D0-4BE3-A22D-9F7B9F79A24B}
	EndGlobalSection
EndGlobal
